
Microsoft Visual Studio Solution File, Format Version 12.00
# Visual Studio Version 17
VisualStudioVersion = 17.0.32126.317
MinimumVisualStudioVersion = 10.0.40219.1
Project("{FAE04EC0-301F-11D3-BF4B-00C04F79EFBC}") = "Sl.StringExtensions", "Sl.StringExtensions\Sl.StringExtensions.csproj", "{7273A901-317D-4107-9CCE-ABE7465338A2}"
EndProject
Global
	GlobalSection(SolutionConfigurationPlatforms) = preSolution
		Debug|Any CPU = Debug|Any CPU
		Release|Any CPU = Release|Any CPU
	EndGlobalSection
	GlobalSection(ProjectConfigurationPlatforms) = postSolution
		{7273A901-317D-4107-9CCE-ABE7465338A2}.Debug|Any CPU.ActiveCfg = Debug|Any CPU
		{7273A901-317D-4107-9CCE-ABE7465338A2}.Debug|Any CPU.Build.0 = Debug|Any CPU
		{7273A901-317D-4107-9CCE-ABE7465338A2}.Release|Any CPU.ActiveCfg = Release|Any CPU
		{7273A901-317D-4107-9CCE-ABE7465338A2}.Release|Any CPU.Build.0 = Release|Any CPU
	EndGlobalSection
	GlobalSection(SolutionProperties) = preSolution
		HideSolutionNode = FALSE
	EndGlobalSection
	GlobalSection(ExtensibilityGlobals) = postSolution
		SolutionGuid = {04A6FAAD-DBA0-4791-A089-35E24ECAD03A}
	EndGlobalSection
EndGlobal
